<?xml version="1.0" encoding="utf-8"?>
<Project ToolsVersion="4.0" xmlns="http://schemas.microsoft.com/developer/msbuild/2003">
  <ItemGroup>
    <Filter Include="ソース ファイル">
      <UniqueIdentifier>{4FC737F1-C7A5-4376-A066-2A32D752A2FF}</UniqueIdentifier>
      <Extensions>cpp;c;cc;cxx;c++;cppm;ixx;def;odl;idl;hpj;bat;asm;asmx</Extensions>
    </Filter>
    <Filter Include="ヘッダー ファイル">
      <UniqueIdentifier>{93995380-89BD-4b04-88EB-625FBE52EBFB}</UniqueIdentifier>
      <Extensions>h;hh;hpp;hxx;h++;hm;inl;inc;ipp;xsd</Extensions>
    </Filter>
    <Filter Include="リソース ファイル">
      <UniqueIdentifier>{67DA6AB6-F800-4c08-8B7A-83BB121AAD01}</UniqueIdentifier>
      <Extensions>rc;ico;cur;bmp;dlg;rc2;rct;bin;rgs;gif;jpg;jpeg;jpe;resx;tiff;tif;png;wav;mfcribbon-ms</Extensions>
    </Filter>
    <Filter Include="shaders">
      <UniqueIdentifier>{7b7ea5e1-b748-4f74-8c27-3a7867154ff1}</UniqueIdentifier>
    </Filter>
    <Filter Include="Imgui">
      <UniqueIdentifier>{aa473f68-5621-46d0-a304-21d5a9d89190}</UniqueIdentifier>
    </Filter>
    <Filter Include="ソース ファイル\Engine">
      <UniqueIdentifier>{f95a436b-acb1-4931-a2e9-dbf498b66d6c}</UniqueIdentifier>
    </Filter>
    <Filter Include="ソース ファイル\Engine\Base">
      <UniqueIdentifier>{e2683f24-dbd0-4675-a194-c851479cdb4d}</UniqueIdentifier>
    </Filter>
    <Filter Include="ヘッダー ファイル\Engine">
      <UniqueIdentifier>{9bacaf38-de45-47c2-b918-2e344b754bdc}</UniqueIdentifier>
    </Filter>
    <Filter Include="ソース ファイル\Engine\Base\DirectXCore">
      <UniqueIdentifier>{a5e7ffbe-b3f4-405d-9376-632ad5672e52}</UniqueIdentifier>
    </Filter>
    <Filter Include="ヘッダー ファイル\Engine\Base">
      <UniqueIdentifier>{06c88c86-762a-4f31-a9d4-0a140f6cc0ff}</UniqueIdentifier>
    </Filter>
    <Filter Include="ヘッダー ファイル\Engine\Base\DirectXCore">
      <UniqueIdentifier>{fe354bdb-937e-4ef7-8bc8-6a9acddb4f71}</UniqueIdentifier>
    </Filter>
    <Filter Include="ヘッダー ファイル\Engine\2d">
      <UniqueIdentifier>{bae8b269-a5c1-4e19-bb8c-46318d60cbe0}</UniqueIdentifier>
    </Filter>
    <Filter Include="ヘッダー ファイル\Engine\3d">
      <UniqueIdentifier>{38037656-e7fa-45a1-9296-f41c75ac6d07}</UniqueIdentifier>
    </Filter>
    <Filter Include="ソース ファイル\Engine\Base\WindowsApp">
      <UniqueIdentifier>{6d8f9cfc-8687-49f7-8bde-cddd7a0a840c}</UniqueIdentifier>
    </Filter>
    <Filter Include="ソース ファイル\Engine\2d">
      <UniqueIdentifier>{40b72785-8269-4844-8399-a6ba2b1f960b}</UniqueIdentifier>
    </Filter>
    <Filter Include="ソース ファイル\Engine\3d">
      <UniqueIdentifier>{604b1beb-1f94-4ca7-8d0c-888dcfb1a908}</UniqueIdentifier>
    </Filter>
    <Filter Include="ヘッダー ファイル\Engine\Base\ImGuiManager">
      <UniqueIdentifier>{f525de9f-add8-4928-b42f-b0ee63cc8fd2}</UniqueIdentifier>
    </Filter>
    <Filter Include="ソース ファイル\Engine\Base\TextureManager">
      <UniqueIdentifier>{7a0a0eef-207e-4000-b31d-02b7de839f14}</UniqueIdentifier>
    </Filter>
    <Filter Include="ヘッダー ファイル\Engine\Base\WindowsApp">
      <UniqueIdentifier>{052f0adc-c505-4d60-9cc1-689e84eb52d7}</UniqueIdentifier>
    </Filter>
    <Filter Include="ヘッダー ファイル\Engine\Base\TextureManager">
      <UniqueIdentifier>{aef1af38-cc7d-4fab-a922-a0344f7d9b10}</UniqueIdentifier>
    </Filter>
    <Filter Include="ソース ファイル\Engine\Utility">
      <UniqueIdentifier>{9159f896-467d-4fab-8311-42d2bde55d1b}</UniqueIdentifier>
    </Filter>
    <Filter Include="ソース ファイル\Engine\Utility\ConvertString">
      <UniqueIdentifier>{6493a568-be06-4954-9d79-e6106bca51e4}</UniqueIdentifier>
    </Filter>
    <Filter Include="ソース ファイル\Engine\Utility\Collision">
      <UniqueIdentifier>{439ca281-bb22-40be-b251-cbd26343f1be}</UniqueIdentifier>
    </Filter>
    <Filter Include="ソース ファイル\Engine\Components">
      <UniqueIdentifier>{3cc14d9c-9113-412d-98d7-ad7457b858f9}</UniqueIdentifier>
    </Filter>
    <Filter Include="ソース ファイル\Engine\Components\Audio">
      <UniqueIdentifier>{a91d91c5-278d-4328-84a4-c7e2be478361}</UniqueIdentifier>
    </Filter>
    <Filter Include="ソース ファイル\Engine\Components\Input">
      <UniqueIdentifier>{09ec9e24-024f-4569-8f99-56397730dbd6}</UniqueIdentifier>
    </Filter>
    <Filter Include="ソース ファイル\Engine\Utility\CSV">
      <UniqueIdentifier>{6afc9609-243a-4734-8b5c-5f1a8fedf03e}</UniqueIdentifier>
    </Filter>
    <Filter Include="ヘッダー ファイル\Engine\Components">
      <UniqueIdentifier>{19f16e3b-0c33-4c91-9d02-dd3b77b303fd}</UniqueIdentifier>
    </Filter>
    <Filter Include="ヘッダー ファイル\Engine\Components\Audio">
      <UniqueIdentifier>{8629fe5c-8508-4851-864c-254adda392b4}</UniqueIdentifier>
    </Filter>
    <Filter Include="ヘッダー ファイル\Engine\Components\Input">
      <UniqueIdentifier>{9d05a117-d756-4fa7-a4c5-9fb3f7862e3d}</UniqueIdentifier>
    </Filter>
    <Filter Include="ヘッダー ファイル\Engine\Utility">
      <UniqueIdentifier>{753fee5b-e7a1-48d0-ab9b-30468d2c506a}</UniqueIdentifier>
    </Filter>
    <Filter Include="ヘッダー ファイル\Engine\Utility\Collision">
      <UniqueIdentifier>{c681c764-c19e-4d5b-8fb3-ee4ef6430bc5}</UniqueIdentifier>
    </Filter>
    <Filter Include="ヘッダー ファイル\Engine\Utility\ConvertString">
      <UniqueIdentifier>{db972189-23aa-4645-bafd-399447cf1f2d}</UniqueIdentifier>
    </Filter>
    <Filter Include="ヘッダー ファイル\Engine\Utility\CSV">
      <UniqueIdentifier>{ac1fe28d-05f0-4938-8415-c8fba112d0b9}</UniqueIdentifier>
    </Filter>
    <Filter Include="ソース ファイル\Engine\3d\Light">
      <UniqueIdentifier>{37c16b38-2e4d-4ee8-bb66-697a1b4c8537}</UniqueIdentifier>
    </Filter>
    <Filter Include="ソース ファイル\Engine\3d\Camera">
      <UniqueIdentifier>{85a72027-3992-45a4-a55e-61af2ef7f784}</UniqueIdentifier>
    </Filter>
    <Filter Include="ソース ファイル\Engine\3d\Model">
      <UniqueIdentifier>{3a1acfc6-3a38-4a4c-9d4a-260b02afc518}</UniqueIdentifier>
    </Filter>
    <Filter Include="ソース ファイル\Engine\Utility\Math">
      <UniqueIdentifier>{29540ec8-7afe-4927-9080-9753b35650fd}</UniqueIdentifier>
    </Filter>
    <Filter Include="ヘッダー ファイル\Engine\Utility\Math">
      <UniqueIdentifier>{9a7bc6e2-8f37-4fd0-9011-faa5acfe1dff}</UniqueIdentifier>
    </Filter>
    <Filter Include="ヘッダー ファイル\Engine\3d\Camera">
      <UniqueIdentifier>{6bfb208f-72e5-4a3c-ba26-ecf3d864a41e}</UniqueIdentifier>
    </Filter>
    <Filter Include="ヘッダー ファイル\Engine\3d\Model">
      <UniqueIdentifier>{683f2ac0-56a1-4544-80eb-e51d758ad3b2}</UniqueIdentifier>
    </Filter>
    <Filter Include="ヘッダー ファイル\Engine\3d\Light">
      <UniqueIdentifier>{c7ae341d-7eec-4e85-8ad1-db759020636b}</UniqueIdentifier>
    </Filter>
    <Filter Include="ソース ファイル\Project">
      <UniqueIdentifier>{fdfb5075-b81a-4a32-8584-fb24fe4195df}</UniqueIdentifier>
    </Filter>
    <Filter Include="ソース ファイル\Project\Game">
      <UniqueIdentifier>{55ae0ec5-a4da-4e17-8204-f1a0c043443b}</UniqueIdentifier>
    </Filter>
    <Filter Include="ソース ファイル\Project\GameObject">
      <UniqueIdentifier>{a5148be7-5fba-4e9c-af9f-db8912835e38}</UniqueIdentifier>
    </Filter>
    <Filter Include="ヘッダー ファイル\Project">
      <UniqueIdentifier>{b97ed785-0c2b-4c30-aa61-7491bc3ba33d}</UniqueIdentifier>
    </Filter>
    <Filter Include="ヘッダー ファイル\Project\Game">
      <UniqueIdentifier>{6afc74fe-29eb-4127-9f23-0771ac0ee0ac}</UniqueIdentifier>
    </Filter>
    <Filter Include="ヘッダー ファイル\Project\Game\Scenes">
      <UniqueIdentifier>{5d9d8822-66ae-403c-82d4-6647028c3560}</UniqueIdentifier>
    </Filter>
    <Filter Include="ヘッダー ファイル\Project\Game\Scenes\Manager">
      <UniqueIdentifier>{1476084c-c349-4eef-82e2-7b5720dd184b}</UniqueIdentifier>
    </Filter>
    <Filter Include="ヘッダー ファイル\Project\GameObject">
      <UniqueIdentifier>{5d0404f2-2afc-46e4-a8ec-3d10120c5ab0}</UniqueIdentifier>
    </Filter>
    <Filter Include="ソース ファイル\Project\Game\Scenes">
      <UniqueIdentifier>{1d55660e-37a2-429b-b343-f9292cfd01e2}</UniqueIdentifier>
    </Filter>
    <Filter Include="ソース ファイル\Project\Game\Scenes\Manager">
      <UniqueIdentifier>{08e03cdb-74e3-48bc-9a25-1a347e916623}</UniqueIdentifier>
    </Filter>
    <Filter Include="ヘッダー ファイル\Engine\3d\WorldTransform">
      <UniqueIdentifier>{cd791f8b-78bf-431f-a7d1-257a87d4cd91}</UniqueIdentifier>
    </Filter>
    <Filter Include="ソース ファイル\Engine\3d\WorldTransform">
      <UniqueIdentifier>{afda09be-5450-496a-8e5d-674e7e10e747}</UniqueIdentifier>
    </Filter>
    <Filter Include="ソース ファイル\Engine\2d\Sprite">
      <UniqueIdentifier>{7d788adf-d428-4568-acaf-aa3f264d447c}</UniqueIdentifier>
    </Filter>
    <Filter Include="ヘッダー ファイル\Engine\2d\Sprite">
      <UniqueIdentifier>{7789594b-aeec-4f69-9f40-90ea7263c511}</UniqueIdentifier>
    </Filter>
    <Filter Include="ソース ファイル\Engine\Components\PostProcess">
      <UniqueIdentifier>{0c0a9362-2d73-406b-aa3b-1b67e33cc4c2}</UniqueIdentifier>
    </Filter>
    <Filter Include="ヘッダー ファイル\Engine\Components\PostProcess">
      <UniqueIdentifier>{5129ba16-6b7a-4059-a4b0-8c4052563173}</UniqueIdentifier>
    </Filter>
    <Filter Include="ソース ファイル\Engine\3d\Mesh">
      <UniqueIdentifier>{7669bc63-3ec7-41f2-8ef6-efadba1a5029}</UniqueIdentifier>
    </Filter>
    <Filter Include="ヘッダー ファイル\Engine\3d\Mesh">
      <UniqueIdentifier>{ebcc405d-3a7c-4924-bcf1-af97e8170910}</UniqueIdentifier>
    </Filter>
    <Filter Include="ソース ファイル\Project\GameObject\Skydome">
      <UniqueIdentifier>{079ace73-e2ee-4f2f-b34a-bd5b9ce1c278}</UniqueIdentifier>
    </Filter>
    <Filter Include="ヘッダー ファイル\Project\GameObject\Skydome">
      <UniqueIdentifier>{ac44e775-1fd6-4cd5-9b80-d50089c69be5}</UniqueIdentifier>
    </Filter>
    <Filter Include="ソース ファイル\Engine\Base\ImGuiManager">
      <UniqueIdentifier>{c6de4378-a840-4161-9d8b-dfbef0d3ed44}</UniqueIdentifier>
    </Filter>
    <Filter Include="ヘッダー ファイル\Project\GameObject\Character">
      <UniqueIdentifier>{42c4cdd3-a08f-4bd5-8971-e023bb0d0442}</UniqueIdentifier>
    </Filter>
    <Filter Include="ヘッダー ファイル\Project\GameObject\Character\Player">
      <UniqueIdentifier>{148a3aff-d80c-4ed1-bcb4-655a3d61cce7}</UniqueIdentifier>
    </Filter>
    <Filter Include="ヘッダー ファイル\Project\GameObject\Character\Enemy">
      <UniqueIdentifier>{6d82dc92-ff08-4a14-8488-bfb929cd1858}</UniqueIdentifier>
    </Filter>
    <Filter Include="ソース ファイル\Project\GameObject\Character">
      <UniqueIdentifier>{15176456-29bb-4463-ad26-e04a7613b667}</UniqueIdentifier>
    </Filter>
    <Filter Include="ソース ファイル\Project\GameObject\Character\Player">
      <UniqueIdentifier>{74a201b4-fb28-49af-8018-5f5563dd20eb}</UniqueIdentifier>
    </Filter>
    <Filter Include="ソース ファイル\Project\GameObject\Character\Enemy">
      <UniqueIdentifier>{73414d1d-68a1-4107-9207-6d889d23fb3b}</UniqueIdentifier>
    </Filter>
    <Filter Include="ソース ファイル\Engine\3d\Particle">
      <UniqueIdentifier>{5867f5f1-c18f-4365-b1f4-a87196fbcb1a}</UniqueIdentifier>
    </Filter>
    <Filter Include="ヘッダー ファイル\Engine\3d\Particle">
      <UniqueIdentifier>{587b5227-a9a1-4b2e-a0d2-8452d727b0ea}</UniqueIdentifier>
    </Filter>
  </ItemGroup>
  <ItemGroup>
    <ClCompile Include="main.cpp">
      <Filter>ソース ファイル</Filter>
    </ClCompile>
    <ClCompile Include="Engine\externals\imgui\imgui.cpp">
      <Filter>Imgui</Filter>
    </ClCompile>
    <ClCompile Include="Engine\externals\imgui\imgui_demo.cpp">
      <Filter>Imgui</Filter>
    </ClCompile>
    <ClCompile Include="Engine\externals\imgui\imgui_draw.cpp">
      <Filter>Imgui</Filter>
    </ClCompile>
    <ClCompile Include="Engine\externals\imgui\imgui_impl_dx12.cpp">
      <Filter>Imgui</Filter>
    </ClCompile>
    <ClCompile Include="Engine\externals\imgui\imgui_impl_win32.cpp">
      <Filter>Imgui</Filter>
    </ClCompile>
    <ClCompile Include="Engine\externals\imgui\imgui_tables.cpp">
      <Filter>Imgui</Filter>
    </ClCompile>
    <ClCompile Include="Engine\externals\imgui\imgui_widgets.cpp">
      <Filter>Imgui</Filter>
    </ClCompile>
    <ClCompile Include="Engine\Base\WindowsApp\WindowsApp.cpp">
      <Filter>ソース ファイル\Engine\Base\WindowsApp</Filter>
    </ClCompile>
    <ClCompile Include="Engine\Base\DirectXCore\DirectXCore.cpp">
      <Filter>ソース ファイル\Engine\Base\DirectXCore</Filter>
    </ClCompile>
    <ClCompile Include="Engine\Base\ImGuiManager\ImGuiManager.cpp">
      <Filter>ソース ファイル\Engine\Base\ImGuiManager</Filter>
    </ClCompile>
    <ClCompile Include="Engine\Base\TextureManager\TextureManager.cpp">
      <Filter>ソース ファイル\Engine\Base\TextureManager</Filter>
    </ClCompile>
    <ClCompile Include="Engine\3D\WorldTransform\WorldTransform.cpp">
      <Filter>ソース ファイル\Engine\3d\WorldTransform</Filter>
    </ClCompile>
    <ClCompile Include="Engine\3D\Camera\DebugCamera.cpp">
      <Filter>ソース ファイル\Engine\3d\Camera</Filter>
    </ClCompile>
    <ClCompile Include="Engine\3D\Camera\Camera.cpp">
      <Filter>ソース ファイル\Engine\3d\Camera</Filter>
    </ClCompile>
    <ClCompile Include="Engine\Components\Input\Input.cpp">
      <Filter>ソース ファイル\Engine\Components\Input</Filter>
    </ClCompile>
    <ClCompile Include="Engine\Components\Audio\Audio.cpp">
      <Filter>ソース ファイル\Engine\Components\Audio</Filter>
    </ClCompile>
    <ClCompile Include="Project\Game\Scenes\Manager\SceneManager.cpp">
      <Filter>ソース ファイル\Project\Game\Scenes\Manager</Filter>
    </ClCompile>
    <ClCompile Include="Project\Game\Scenes\GameStartScene.cpp">
      <Filter>ソース ファイル\Project\Game\Scenes</Filter>
    </ClCompile>
    <ClCompile Include="Project\Game\Scenes\GamePlayScene.cpp">
      <Filter>ソース ファイル\Project\Game\Scenes</Filter>
    </ClCompile>
    <ClCompile Include="Project\Game\Scenes\GameLoseScene.cpp">
      <Filter>ソース ファイル\Project\Game\Scenes</Filter>
    </ClCompile>
    <ClCompile Include="Engine\Utility\Collision\CollisionManager.cpp">
      <Filter>ソース ファイル\Engine\Utility\Collision</Filter>
    </ClCompile>
    <ClCompile Include="Engine\Utility\CSV\LoadCSV.cpp">
      <Filter>ソース ファイル\Engine\Utility\CSV</Filter>
    </ClCompile>
    <ClCompile Include="Engine\Utility\ConvertString\ConvertString.cpp">
      <Filter>ソース ファイル\Engine\Utility\ConvertString</Filter>
    </ClCompile>
    <ClCompile Include="Engine\3D\Model\Model.cpp">
      <Filter>ソース ファイル\Engine\3d\Model</Filter>
    </ClCompile>
    <ClCompile Include="Engine\3D\Light\Light.cpp">
      <Filter>ソース ファイル\Engine\3d\Light</Filter>
    </ClCompile>
    <ClCompile Include="Engine\Utility\Math\MyMath.cpp">
      <Filter>ソース ファイル\Engine\Utility\Math</Filter>
    </ClCompile>
    <ClCompile Include="Engine\Utility\GlobalVariables.cpp">
      <Filter>ソース ファイル\Engine\Utility</Filter>
    </ClCompile>
    <ClCompile Include="Engine\3D\Model\IGame3dObject.cpp">
      <Filter>ソース ファイル\Engine\3d\Model</Filter>
    </ClCompile>
    <ClCompile Include="Engine\3D\Model\Game3dObjectManager.cpp">
      <Filter>ソース ファイル\Engine\3d\Model</Filter>
    </ClCompile>
    <ClCompile Include="Engine\Components\PostProcess\PostProcess.cpp">
      <Filter>ソース ファイル\Engine\Components\PostProcess</Filter>
    </ClCompile>
    <ClCompile Include="Engine\3D\Mesh\Mesh.cpp">
      <Filter>ソース ファイル\Engine\3d\Mesh</Filter>
    </ClCompile>
    <ClCompile Include="Engine\3D\Model\Material.cpp">
      <Filter>ソース ファイル\Engine\3d\Model</Filter>
    </ClCompile>
    <ClCompile Include="Project\GameObject\Skydome\Skydome.cpp">
      <Filter>ソース ファイル\Project\GameObject\Skydome</Filter>
    </ClCompile>
    <ClCompile Include="Project\GameObject\Character\Player\Player.cpp">
      <Filter>ソース ファイル\Project\GameObject\Character\Player</Filter>
    </ClCompile>
    <ClCompile Include="Project\GameObject\Character\ICharacter.cpp">
      <Filter>ソース ファイル\Project\GameObject\Character</Filter>
    </ClCompile>
    <ClCompile Include="Project\GameObject\Character\Enemy\Enemy.cpp">
      <Filter>ソース ファイル\Project\GameObject\Character\Enemy</Filter>
    </ClCompile>
    <ClCompile Include="Project\GameObject\Character\Player\PlayerWeapon.cpp">
      <Filter>ソース ファイル\Project\GameObject\Character\Player</Filter>
    </ClCompile>
    <ClCompile Include="Project\GameObject\Character\Enemy\EnemyWeapon.cpp">
      <Filter>ソース ファイル\Project\GameObject\Character\Enemy</Filter>
    </ClCompile>
    <ClCompile Include="Engine\3D\Particle\Random.cpp">
      <Filter>ソース ファイル\Engine\3d\Particle</Filter>
    </ClCompile>
    <ClCompile Include="Engine\3D\Particle\BaseParticle.cpp">
      <Filter>ソース ファイル\Engine\3d\Particle</Filter>
    </ClCompile>
    <ClCompile Include="Engine\3D\Particle\Particle.cpp">
      <Filter>ソース ファイル\Engine\3d\Particle</Filter>
    </ClCompile>
    <ClCompile Include="Engine\3D\Particle\EmitterBuilder.cpp">
      <Filter>ソース ファイル\Engine\3d\Particle</Filter>
    </ClCompile>
    <ClCompile Include="Engine\3D\Particle\ParticleEmitter.cpp">
      <Filter>ソース ファイル\Engine\3d\Particle</Filter>
    </ClCompile>
    <ClCompile Include="Engine\3D\Particle\ParticleModel.cpp">
      <Filter>ソース ファイル\Engine\3d\Particle</Filter>
    </ClCompile>
    <ClCompile Include="Engine\3D\Particle\ParticleSystem.cpp">
      <Filter>ソース ファイル\Engine\3d\Particle</Filter>
    </ClCompile>
    <ClCompile Include="Project\Game\Scenes\GameWinScene.cpp">
      <Filter>ソース ファイル\Project\Game\Scenes</Filter>
    </ClCompile>
    <ClCompile Include="Engine\2D\Sprite\Sprite.cpp">
      <Filter>ソース ファイル\Engine\2d\Sprite</Filter>
    </ClCompile>
  </ItemGroup>
  <ItemGroup>
    <None Include=".editorconfig" />
    <None Include="resource\shaders\Object3d.hlsli">
      <Filter>shaders</Filter>
    </None>
    <None Include="resource\shaders\Particle.hlsli">
      <Filter>shaders</Filter>
    </None>
    <None Include="resource\shaders\PostProcess.hlsli">
      <Filter>shaders</Filter>
    </None>
    <None Include="resource\shaders\MultiPass.hlsli">
      <Filter>shaders</Filter>
    </None>
    <None Include="resource\shaders\HorizontalBlur.hlsli">
      <Filter>shaders</Filter>
    </None>
    <None Include="resource\shaders\VerticalBlur.hlsli">
      <Filter>shaders</Filter>
    </None>
    <None Include="resource\shaders\Sprite.hlsli">
      <Filter>shaders</Filter>
    </None>
  </ItemGroup>
  <ItemGroup>
    <ClInclude Include="Engine\externals\imgui\imconfig.h">
      <Filter>Imgui</Filter>
    </ClInclude>
    <ClInclude Include="Engine\externals\imgui\imgui.h">
      <Filter>Imgui</Filter>
    </ClInclude>
    <ClInclude Include="Engine\externals\imgui\imgui_impl_dx12.h">
      <Filter>Imgui</Filter>
    </ClInclude>
    <ClInclude Include="Engine\externals\imgui\imgui_impl_win32.h">
      <Filter>Imgui</Filter>
    </ClInclude>
    <ClInclude Include="Engine\externals\imgui\imgui_internal.h">
      <Filter>Imgui</Filter>
    </ClInclude>
    <ClInclude Include="Engine\externals\imgui\imstb_rectpack.h">
      <Filter>Imgui</Filter>
    </ClInclude>
    <ClInclude Include="Engine\externals\imgui\imstb_textedit.h">
      <Filter>Imgui</Filter>
    </ClInclude>
    <ClInclude Include="Engine\externals\imgui\imstb_truetype.h">
      <Filter>Imgui</Filter>
    </ClInclude>
    <ClInclude Include="Engine\Base\WindowsApp\WindowsApp.h">
      <Filter>ヘッダー ファイル\Engine\Base\WindowsApp</Filter>
    </ClInclude>
    <ClInclude Include="Engine\Base\DirectXCore\DirectXCore.h">
      <Filter>ヘッダー ファイル\Engine\Base\DirectXCore</Filter>
    </ClInclude>
    <ClInclude Include="Engine\Base\ImGuiManager\ImGuiManager.h">
      <Filter>ヘッダー ファイル\Engine\Base\ImGuiManager</Filter>
    </ClInclude>
    <ClInclude Include="Engine\Base\TextureManager\TextureManager.h">
      <Filter>ヘッダー ファイル\Engine\Base\TextureManager</Filter>
    </ClInclude>
    <ClInclude Include="Engine\3D\WorldTransform\WorldTransform.h">
      <Filter>ヘッダー ファイル\Engine\3d\WorldTransform</Filter>
    </ClInclude>
    <ClInclude Include="Engine\3D\Camera\DebugCamera.h">
      <Filter>ヘッダー ファイル\Engine\3d\Camera</Filter>
    </ClInclude>
    <ClInclude Include="Engine\3D\Camera\Camera.h">
      <Filter>ヘッダー ファイル\Engine\3d\Camera</Filter>
    </ClInclude>
    <ClInclude Include="Engine\Components\Audio\Audio.h">
      <Filter>ヘッダー ファイル\Engine\Components\Audio</Filter>
    </ClInclude>
    <ClInclude Include="Engine\Components\Input\Input.h">
      <Filter>ヘッダー ファイル\Engine\Components\Input</Filter>
    </ClInclude>
    <ClInclude Include="Project\Game\Scenes\Manager\SceneManager.h">
      <Filter>ヘッダー ファイル\Project\Game\Scenes\Manager</Filter>
    </ClInclude>
    <ClInclude Include="Project\Game\Scenes\GameStartScene.h">
      <Filter>ヘッダー ファイル\Project\Game\Scenes</Filter>
    </ClInclude>
    <ClInclude Include="Project\Game\Scenes\IScene.h">
      <Filter>ヘッダー ファイル\Project\Game\Scenes</Filter>
    </ClInclude>
    <ClInclude Include="Project\Game\Scenes\GamePlayScene.h">
      <Filter>ヘッダー ファイル\Project\Game\Scenes</Filter>
    </ClInclude>
    <ClInclude Include="Project\Game\Scenes\GameLoseScene.h">
      <Filter>ヘッダー ファイル\Project\Game\Scenes</Filter>
    </ClInclude>
    <ClInclude Include="Engine\Utility\Collision\Collider.h">
      <Filter>ヘッダー ファイル\Engine\Utility\Collision</Filter>
    </ClInclude>
    <ClInclude Include="Engine\Utility\Collision\CollisionConfig.h">
      <Filter>ヘッダー ファイル\Engine\Utility\Collision</Filter>
    </ClInclude>
    <ClInclude Include="Engine\Utility\Collision\CollisionManager.h">
      <Filter>ヘッダー ファイル\Engine\Utility\Collision</Filter>
    </ClInclude>
    <ClInclude Include="Engine\Utility\CSV\LoadCSV.h">
      <Filter>ヘッダー ファイル\Engine\Utility\CSV</Filter>
    </ClInclude>
    <ClInclude Include="Engine\Utility\ConvertString\ConvertString.h">
      <Filter>ヘッダー ファイル\Engine\Utility\ConvertString</Filter>
    </ClInclude>
    <ClInclude Include="Engine\3D\Model\Model.h">
      <Filter>ヘッダー ファイル\Engine\3d\Model</Filter>
    </ClInclude>
    <ClInclude Include="Engine\3D\Light\Light.h">
      <Filter>ヘッダー ファイル\Engine\3d\Light</Filter>
    </ClInclude>
    <ClInclude Include="Engine\Base\ResourceObject.h">
      <Filter>ヘッダー ファイル\Engine\Base</Filter>
    </ClInclude>
    <ClInclude Include="Engine\Utility\Math\MyMath.h">
      <Filter>ヘッダー ファイル\Engine\Utility\Math</Filter>
    </ClInclude>
    <ClInclude Include="Engine\Utility\GlobalVariables.h">
      <Filter>ヘッダー ファイル\Engine\Utility</Filter>
    </ClInclude>
    <ClInclude Include="Engine\3D\Model\IGame3dObject.h">
      <Filter>ヘッダー ファイル\Engine\3d\Model</Filter>
    </ClInclude>
    <ClInclude Include="Engine\3D\Model\Game3dObjectManager.h">
      <Filter>ヘッダー ファイル\Engine\3d\Model</Filter>
    </ClInclude>
    <ClInclude Include="Engine\Components\PostProcess\PostProcess.h">
      <Filter>ヘッダー ファイル\Engine\Components\PostProcess</Filter>
    </ClInclude>
    <ClInclude Include="Engine\3D\Mesh\Mesh.h">
      <Filter>ヘッダー ファイル\Engine\3d\Mesh</Filter>
    </ClInclude>
    <ClInclude Include="Engine\Base\D3DResourceLeakChecker.h">
      <Filter>ソース ファイル\Engine\Base</Filter>
    </ClInclude>
    <ClInclude Include="Project\GameObject\Skydome\Skydome.h">
      <Filter>ヘッダー ファイル\Project\GameObject\Skydome</Filter>
    </ClInclude>
    <ClInclude Include="Project\GameObject\Character\Player\Player.h">
      <Filter>ヘッダー ファイル\Project\GameObject\Character\Player</Filter>
    </ClInclude>
    <ClInclude Include="Project\GameObject\Character\Enemy\Enemy.h">
      <Filter>ヘッダー ファイル\Project\GameObject\Character\Enemy</Filter>
    </ClInclude>
    <ClInclude Include="Project\GameObject\Character\ICharacter.h">
      <Filter>ヘッダー ファイル\Project\GameObject\Character</Filter>
    </ClInclude>
    <ClInclude Include="Project\GameObject\Character\Enemy\EnemyWeapon.h">
      <Filter>ヘッダー ファイル\Project\GameObject\Character\Enemy</Filter>
    </ClInclude>
    <ClInclude Include="Project\GameObject\Character\Player\PlayerWeapon.h">
      <Filter>ヘッダー ファイル\Project\GameObject\Character\Player</Filter>
    </ClInclude>
    <ClInclude Include="Engine\3D\Particle\BaseParticle.h">
      <Filter>ヘッダー ファイル\Engine\3d\Particle</Filter>
    </ClInclude>
    <ClInclude Include="Engine\3D\Particle\Random.h">
      <Filter>ヘッダー ファイル\Engine\3d\Particle</Filter>
    </ClInclude>
    <ClInclude Include="Engine\3D\Particle\Particle.h">
      <Filter>ヘッダー ファイル\Engine\3d\Particle</Filter>
    </ClInclude>
    <ClInclude Include="Engine\3D\Particle\ParticleEmitter.h">
      <Filter>ヘッダー ファイル\Engine\3d\Particle</Filter>
    </ClInclude>
    <ClInclude Include="Engine\3D\Particle\EmitterBuilder.h">
      <Filter>ヘッダー ファイル\Engine\3d\Particle</Filter>
    </ClInclude>
    <ClInclude Include="Engine\3D\Particle\ParticleSystem.h">
      <Filter>ヘッダー ファイル\Engine\3d\Particle</Filter>
    </ClInclude>
    <ClInclude Include="Engine\3D\Particle\ParticleModel.h">
      <Filter>ヘッダー ファイル\Engine\3d\Particle</Filter>
    </ClInclude>
    <ClInclude Include="Project\Game\Scenes\GameWinScene.h">
      <Filter>ヘッダー ファイル\Project\Game\Scenes</Filter>
    </ClInclude>
    <ClInclude Include="Engine\3D\Model\Material.h">
      <Filter>ヘッダー ファイル\Engine\3d\Model</Filter>
    </ClInclude>
    <ClInclude Include="Engine\2D\Sprite\Sprite.h">
      <Filter>ヘッダー ファイル\Engine\2d\Sprite</Filter>
    </ClInclude>
    <ClInclude Include="UI.h">
      <Filter>ヘッダー ファイル</Filter>
    </ClInclude>
  </ItemGroup>
  <ItemGroup>
    <FxCompile Include="resource\shaders\Object3d.PS.hlsl">
      <Filter>shaders</Filter>
    </FxCompile>
    <FxCompile Include="resource\shaders\Object3d.VS.hlsl">
      <Filter>shaders</Filter>
    </FxCompile>
    <FxCompile Include="resource\shaders\ParticlePS.hlsl">
      <Filter>shaders</Filter>
    </FxCompile>
    <FxCompile Include="resource\shaders\ParticleVS.hlsl">
      <Filter>shaders</Filter>
    </FxCompile>
    <FxCompile Include="resource\shaders\PostProcess.VS.hlsl">
      <Filter>shaders</Filter>
    </FxCompile>
    <FxCompile Include="resource\shaders\PostProcess.PS.hlsl">
      <Filter>shaders</Filter>
    </FxCompile>
    <FxCompile Include="resource\shaders\MultiPass.VS.hlsl">
      <Filter>shaders</Filter>
    </FxCompile>
    <FxCompile Include="resource\shaders\MultiPass.PS.hlsl">
      <Filter>shaders</Filter>
    </FxCompile>
    <FxCompile Include="resource\shaders\HorizontalBlur.VS.hlsl">
      <Filter>shaders</Filter>
    </FxCompile>
    <FxCompile Include="resource\shaders\HorizontalBlur.PS.hlsl">
      <Filter>shaders</Filter>
    </FxCompile>
    <FxCompile Include="resource\shaders\VerticalBlur.PS.hlsl">
      <Filter>shaders</Filter>
    </FxCompile>
    <FxCompile Include="resource\shaders\VerticalBlur.VS.hlsl">
      <Filter>shaders</Filter>
    </FxCompile>
    <FxCompile Include="resource\shaders\Sprite.PS.hlsl">
      <Filter>shaders</Filter>
    </FxCompile>
    <FxCompile Include="resource\shaders\Sprite.VS.hlsl">
      <Filter>shaders</Filter>
    </FxCompile>
  </ItemGroup>
  <ItemGroup>
    <Text Include="Engine\externals\imgui\LICENSE.txt">
      <Filter>Imgui</Filter>
    </Text>
  </ItemGroup>
</Project>